// !$*UTF8*$!
{
	archiveVersion = 1;
	classes = {
	};
	objectVersion = 50;
	objects = {

/* Begin PBXBuildFile section */
		27104799207BEFDC003C8FB8 /* AppDelegate.swift in Sources */ = {isa = PBXBuildFile; fileRef = 27104798207BEFDC003C8FB8 /* AppDelegate.swift */; };
		2710479E207BEFDC003C8FB8 /* Main.storyboard in Resources */ = {isa = PBXBuildFile; fileRef = 2710479C207BEFDC003C8FB8 /* Main.storyboard */; };
		271047A0207BEFDF003C8FB8 /* Assets.xcassets in Resources */ = {isa = PBXBuildFile; fileRef = 2710479F207BEFDF003C8FB8 /* Assets.xcassets */; };
		271047A3207BEFDF003C8FB8 /* LaunchScreen.storyboard in Resources */ = {isa = PBXBuildFile; fileRef = 271047A1207BEFDF003C8FB8 /* LaunchScreen.storyboard */; };
		271047AB207BF0E0003C8FB8 /* ShoppingListTableViewController.swift in Sources */ = {isa = PBXBuildFile; fileRef = 271047AA207BF0E0003C8FB8 /* ShoppingListTableViewController.swift */; };
		271047AE207BF5B1003C8FB8 /* MyGroceryDataModel.xcdatamodeld in Sources */ = {isa = PBXBuildFile; fileRef = 271047AC207BF5B1003C8FB8 /* MyGroceryDataModel.xcdatamodeld */; };
/* End PBXBuildFile section */

/* Begin PBXFileReference section */
		27104795207BEFDC003C8FB8 /* MyGrocery.app */ = {isa = PBXFileReference; explicitFileType = wrapper.application; includeInIndex = 0; path = MyGrocery.app; sourceTree = BUILT_PRODUCTS_DIR; };
		27104798207BEFDC003C8FB8 /* AppDelegate.swift */ = {isa = PBXFileReference; lastKnownFileType = sourcecode.swift; path = AppDelegate.swift; sourceTree = "<group>"; };
		2710479D207BEFDC003C8FB8 /* Base */ = {isa = PBXFileReference; lastKnownFileType = file.storyboard; name = Base; path = Base.lproj/Main.storyboard; sourceTree = "<group>"; };
		2710479F207BEFDF003C8FB8 /* Assets.xcassets */ = {isa = PBXFileReference; lastKnownFileType = folder.assetcatalog; path = Assets.xcassets; sourceTree = "<group>"; };
		271047A2207BEFDF003C8FB8 /* Base */ = {isa = PBXFileReference; lastKnownFileType = file.storyboard; name = Base; path = Base.lproj/LaunchScreen.storyboard; sourceTree = "<group>"; };
		271047A4207BEFDF003C8FB8 /* Info.plist */ = {isa = PBXFileReference; lastKnownFileType = text.plist.xml; path = Info.plist; sourceTree = "<group>"; };
		271047AA207BF0E0003C8FB8 /* ShoppingListTableViewController.swift */ = {isa = PBXFileReference; lastKnownFileType = sourcecode.swift; path = ShoppingListTableViewController.swift; sourceTree = "<group>"; };
		271047AD207BF5B1003C8FB8 /* MyGroceryDataModel.xcdatamodel */ = {isa = PBXFileReference; lastKnownFileType = wrapper.xcdatamodel; path = MyGroceryDataModel.xcdatamodel; sourceTree = "<group>"; };
/* End PBXFileReference section */

/* Begin PBXFrameworksBuildPhase section */
		27104792207BEFDC003C8FB8 /* Frameworks */ = {
			isa = PBXFrameworksBuildPhase;
			buildActionMask = 2147483647;
			files = (
			);
			runOnlyForDeploymentPostprocessing = 0;
		};
/* End PBXFrameworksBuildPhase section */

/* Begin PBXGroup section */
		2710478C207BEFDC003C8FB8 = {
			isa = PBXGroup;
			children = (
				27104797207BEFDC003C8FB8 /* MyGrocery */,
				27104796207BEFDC003C8FB8 /* Products */,
			);
			sourceTree = "<group>";
		};
		27104796207BEFDC003C8FB8 /* Products */ = {
			isa = PBXGroup;
			children = (
				27104795207BEFDC003C8FB8 /* MyGrocery.app */,
			);
			name = Products;
			sourceTree = "<group>";
		};
		27104797207BEFDC003C8FB8 /* MyGrocery */ = {
			isa = PBXGroup;
			children = (
				27104798207BEFDC003C8FB8 /* AppDelegate.swift */,
				2710479C207BEFDC003C8FB8 /* Main.storyboard */,
				2710479F207BEFDF003C8FB8 /* Assets.xcassets */,
				271047A1207BEFDF003C8FB8 /* LaunchScreen.storyboard */,
				271047A4207BEFDF003C8FB8 /* Info.plist */,
				271047AA207BF0E0003C8FB8 /* ShoppingListTableViewController.swift */,
				271047AC207BF5B1003C8FB8 /* MyGroceryDataModel.xcdatamodeld */,
			);
			path = MyGrocery;
			sourceTree = "<group>";
		};
/* End PBXGroup section */

/* Begin PBXNativeTarget section */
		27104794207BEFDC003C8FB8 /* MyGrocery */ = {
			isa = PBXNativeTarget;
			buildConfigurationList = 271047A7207BEFDF003C8FB8 /* Build configuration list for PBXNativeTarget "MyGrocery" */;
			buildPhases = (
				27104791207BEFDC003C8FB8 /* Sources */,
				27104792207BEFDC003C8FB8 /* Frameworks */,
				27104793207BEFDC003C8FB8 /* Resources */,
			);
			buildRules = (
			);
			dependencies = (
			);
			name = MyGrocery;
			productName = MyGrocery;
			productReference = 27104795207BEFDC003C8FB8 /* MyGrocery.app */;
			productType = "com.apple.product-type.application";
		};
/* End PBXNativeTarget section */

/* Begin PBXProject section */
		2710478D207BEFDC003C8FB8 /* Project object */ = {
			isa = PBXProject;
			attributes = {
				LastSwiftUpdateCheck = 0930;
				LastUpgradeCheck = 0930;
				ORGANIZATIONNAME = "Pedro Neiva Alves";
				TargetAttributes = {
					27104794207BEFDC003C8FB8 = {
						CreatedOnToolsVersion = 9.3;
					};
				};
			};
			buildConfigurationList = 27104790207BEFDC003C8FB8 /* Build configuration list for PBXProject "MyGrocery" */;
			compatibilityVersion = "Xcode 9.3";
			developmentRegion = en;
			hasScannedForEncodings = 0;
			knownRegions = (
				en,
				Base,
			);
			mainGroup = 2710478C207BEFDC003C8FB8;
			productRefGroup = 27104796207BEFDC003C8FB8 /* Products */;
			projectDirPath = "";
			projectRoot = "";
			targets = (
				27104794207BEFDC003C8FB8 /* MyGrocery */,
			);
		};
/* End PBXProject section */

/* Begin PBXResourcesBuildPhase section */
		27104793207BEFDC003C8FB8 /* Resources */ = {
			isa = PBXResourcesBuildPhase;
			buildActionMask = 2147483647;
			files = (
				271047A3207BEFDF003C8FB8 /* LaunchScreen.storyboard in Resources */,
				271047A0207BEFDF003C8FB8 /* Assets.xcassets in Resources */,
				2710479E207BEFDC003C8FB8 /* Main.storyboard in Resources */,
			);
			runOnlyForDeploymentPostprocessing = 0;
		};
/* End PBXResourcesBuildPhase section */

/* Begin PBXSourcesBuildPhase section */
		27104791207BEFDC003C8FB8 /* Sources */ = {
			isa = PBXSourcesBuildPhase;
			buildActionMask = 2147483647;
			files = (
				27104799207BEFDC003C8FB8 /* AppDelegate.swift in Sources */,
				271047AB207BF0E0003C8FB8 /* ShoppingListTableViewController.swift in Sources */,
				271047AE207BF5B1003C8FB8 /* MyGroceryDataModel.xcdatamodeld in Sources */,
			);
			runOnlyForDeploymentPostprocessing = 0;
		};
/* End PBXSourcesBuildPhase section */

/* Begin PBXVariantGroup section */
		2710479C207BEFDC003C8FB8 /* Main.storyboard */ = {
			isa = PBXVariantGroup;
			children = (
				2710479D207BEFDC003C8FB8 /* Base */,
			);
			name = Main.storyboard;
			sourceTree = "<group>";
		};
		271047A1207BEFDF003C8FB8 /* LaunchScreen.storyboard */ = {
			isa = PBXVariantGroup;
			children = (
				271047A2207BEFDF003C8FB8 /* Base */,
			);
			name = LaunchScreen.storyboard;
			sourceTree = "<group>";
		};
/* End PBXVariantGroup section */

/* Begin XCBuildConfiguration section */
		271047A5207BEFDF003C8FB8 /* Debug */ = {
			isa = XCBuildConfiguration;
			buildSettings = {
				ALWAYS_SEARCH_USER_PATHS = NO;
				CLANG_ANALYZER_NONNULL = YES;
				CLANG_ANALYZER_NUMBER_OBJECT_CONVERSION = YES_AGGRESSIVE;
				CLANG_CXX_LANGUAGE_STANDARD = "gnu++14";
				CLANG_CXX_LIBRARY = "libc++";
				CLANG_ENABLE_MODULES = YES;
				CLANG_ENABLE_OBJC_ARC = YES;
				CLANG_ENABLE_OBJC_WEAK = YES;
				CLANG_WARN_BLOCK_CAPTURE_AUTORELEASING = YES;
				CLANG_WARN_BOOL_CONVERSION = YES;
				CLANG_WARN_COMMA = YES;
				CLANG_WARN_CONSTANT_CONVERSION = YES;
				CLANG_WARN_DEPRECATED_OBJC_IMPLEMENTATIONS = YES;
				CLANG_WARN_DIRECT_OBJC_ISA_USAGE = YES_ERROR;
				CLANG_WARN_DOCUMENTATION_COMMENTS = YES;
				CLANG_WARN_EMPTY_BODY = YES;
				CLANG_WARN_ENUM_CONVERSION = YES;
				CLANG_WARN_INFINITE_RECURSION = YES;
				CLANG_WARN_INT_CONVERSION = YES;
				CLANG_WARN_NON_LITERAL_NULL_CONVERSION = YES;
				CLANG_WARN_OBJC_IMPLICIT_RETAIN_SELF = YES;
				CLANG_WARN_OBJC_LITERAL_CONVERSION = YES;
				CLANG_WARN_OBJC_ROOT_CLASS = YES_ERROR;
				CLANG_WARN_RANGE_LOOP_ANALYSIS = YES;
				CLANG_WARN_STRICT_PROTOTYPES = YES;
				CLANG_WARN_SUSPICIOUS_MOVE = YES;
				CLANG_WARN_UNGUARDED_AVAILABILITY = YES_AGGRESSIVE;
				CLANG_WARN_UNREACHABLE_CODE = YES;
				CLANG_WARN__DUPLICATE_METHOD_MATCH = YES;
				CODE_SIGN_IDENTITY = "iPhone Developer";
				COPY_PHASE_STRIP = NO;
				DEBUG_INFORMATION_FORMAT = dwarf;
				ENABLE_STRICT_OBJC_MSGSEND = YES;
				ENABLE_TESTABILITY = YES;
				GCC_C_LANGUAGE_STANDARD = gnu11;
				GCC_DYNAMIC_NO_PIC = NO;
				GCC_NO_COMMON_BLOCKS = YES;
				GCC_OPTIMIZATION_LEVEL = 0;
				GCC_PREPROCESSOR_DEFINITIONS = (
					"DEBUG=1",
					"$(inherited)",
				);
				GCC_WARN_64_TO_32_BIT_CONVERSION = YES;
				GCC_WARN_ABOUT_RETURN_TYPE = YES_ERROR;
				GCC_WARN_UNDECLARED_SELECTOR = YES;
				GCC_WARN_UNINITIALIZED_AUTOS = YES_AGGRESSIVE;
				GCC_WARN_UNUSED_FUNCTION = YES;
				GCC_WARN_UNUSED_VARIABLE = YES;
				IPHONEOS_DEPLOYMENT_TARGET = 11.3;
				MTL_ENABLE_DEBUG_INFO = YES;
				ONLY_ACTIVE_ARCH = YES;
				SDKROOT = iphoneos;
				SWIFT_ACTIVE_COMPILATION_CONDITIONS = DEBUG;
				SWIFT_OPTIMIZATION_LEVEL = "-Onone";
			};
			name = Debug;
		};
		271047A6207BEFDF003C8FB8 /* Release */ = {
			isa = XCBuildConfiguration;
			buildSettings = {
				ALWAYS_SEARCH_USER_PATHS = NO;
				CLANG_ANALYZER_NONNULL = YES;
				CLANG_ANALYZER_NUMBER_OBJECT_CONVERSION = YES_AGGRESSIVE;
				CLANG_CXX_LANGUAGE_STANDARD = "gnu++14";
				CLANG_CXX_LIBRARY = "libc++";
				CLANG_ENABLE_MODULES = YES;
				CLANG_ENABLE_OBJC_ARC = YES;
				CLANG_ENABLE_OBJC_WEAK = YES;
				CLANG_WARN_BLOCK_CAPTURE_AUTORELEASING = YES;
				CLANG_WARN_BOOL_CONVERSION = YES;
				CLANG_WARN_COMMA = YES;
				CLANG_WARN_CONSTANT_CONVERSION = YES;
				CLANG_WARN_DEPRECATED_OBJC_IMPLEMENTATIONS = YES;
				CLANG_WARN_DIRECT_OBJC_ISA_USAGE = YES_ERROR;
				CLANG_WARN_DOCUMENTATION_COMMENTS = YES;
				CLANG_WARN_EMPTY_BODY = YES;
				CLANG_WARN_ENUM_CONVERSION = YES;
				CLANG_WARN_INFINITE_RECURSION = YES;
				CLANG_WARN_INT_CONVERSION = YES;
				CLANG_WARN_NON_LITERAL_NULL_CONVERSION = YES;
				CLANG_WARN_OBJC_IMPLICIT_RETAIN_SELF = YES;
				CLANG_WARN_OBJC_LITERAL_CONVERSION = YES;
				CLANG_WARN_OBJC_ROOT_CLASS = YES_ERROR;
				CLANG_WARN_RANGE_LOOP_ANALYSIS = YES;
				CLANG_WARN_STRICT_PROTOTYPES = YES;
				CLANG_WARN_SUSPICIOUS_MOVE = YES;
				CLANG_WARN_UNGUARDED_AVAILABILITY = YES_AGGRESSIVE;
				CLANG_WARN_UNREACHABLE_CODE = YES;
				CLANG_WARN__DUPLICATE_METHOD_MATCH = YES;
				CODE_SIGN_IDENTITY = "iPhone Developer";
				COPY_PHASE_STRIP = NO;
				DEBUG_INFORMATION_FORMAT = "dwarf-with-dsym";
				ENABLE_NS_ASSERTIONS = NO;
				ENABLE_STRICT_OBJC_MSGSEND = YES;
				GCC_C_LANGUAGE_STANDARD = gnu11;
				GCC_NO_COMMON_BLOCKS = YES;
				GCC_WARN_64_TO_32_BIT_CONVERSION = YES;
				GCC_WARN_ABOUT_RETURN_TYPE = YES_ERROR;
				GCC_WARN_UNDECLARED_SELECTOR = YES;
				GCC_WARN_UNINITIALIZED_AUTOS = YES_AGGRESSIVE;
				GCC_WARN_UNUSED_FUNCTION = YES;
				GCC_WARN_UNUSED_VARIABLE = YES;
				IPHONEOS_DEPLOYMENT_TARGET = 11.3;
				MTL_ENABLE_DEBUG_INFO = NO;
				SDKROOT = iphoneos;
				SWIFT_COMPILATION_MODE = wholemodule;
				SWIFT_OPTIMIZATION_LEVEL = "-O";
				VALIDATE_PRODUCT = YES;
			};
			name = Release;
		};
		271047A8207BEFDF003C8FB8 /* Debug */ = {
			isa = XCBuildConfiguration;
			buildSettings = {
				ASSETCATALOG_COMPILER_APPICON_NAME = AppIcon;
				CODE_SIGN_STYLE = Automatic;
				DEVELOPMENT_TEAM = J5T299RVE9;
				INFOPLIST_FILE = MyGrocery/Info.plist;
				LD_RUNPATH_SEARCH_PATHS = (
					"$(inherited)",
					"@executable_path/Frameworks",
				);
				PRODUCT_BUNDLE_IDENTIFIER = com.PedroNeivaAlves.MyGrocery;
				PRODUCT_NAME = "$(TARGET_NAME)";
				SWIFT_VERSION = 4.0;
				TARGETED_DEVICE_FAMILY = "1,2";
			};
			name = Debug;
		};
		271047A9207BEFDF003C8FB8 /* Release */ = {
			isa = XCBuildConfiguration;
			buildSettings = {
				ASSETCATALOG_COMPILER_APPICON_NAME = AppIcon;
				CODE_SIGN_STYLE = Automatic;
				DEVELOPMENT_TEAM = J5T299RVE9;
				INFOPLIST_FILE = MyGrocery/Info.plist;
				LD_RUNPATH_SEARCH_PATHS = (
					"$(inherited)",
					"@executable_path/Frameworks",
				);
				PRODUCT_BUNDLE_IDENTIFIER = com.PedroNeivaAlves.MyGrocery;
				PRODUCT_NAME = "$(TARGET_NAME)";
				SWIFT_VERSION = 4.0;
				TARGETED_DEVICE_FAMILY = "1,2";
			};
			name = Release;
		};
/* End XCBuildConfiguration section */

/* Begin XCConfigurationList section */
		27104790207BEFDC003C8FB8 /* Build configuration list for PBXProject "MyGrocery" */ = {
			isa = XCConfigurationList;
			buildConfigurations = (
				271047A5207BEFDF003C8FB8 /* Debug */,
				271047A6207BEFDF003C8FB8 /* Release */,
			);
			defaultConfigurationIsVisible = 0;
			defaultConfigurationName = Release;
		};
		271047A7207BEFDF003C8FB8 /* Build configuration list for PBXNativeTarget "MyGrocery" */ = {
			isa = XCConfigurationList;
			buildConfigurations = (
				271047A8207BEFDF003C8FB8 /* Debug */,
				271047A9207BEFDF003C8FB8 /* Release */,
			);
			defaultConfigurationIsVisible = 0;
			defaultConfigurationName = Release;
		};
/* End XCConfigurationList section */

/* Begin XCVersionGroup section */
		271047AC207BF5B1003C8FB8 /* MyGroceryDataModel.xcdatamodeld */ = {
			isa = XCVersionGroup;
			children = (
				271047AD207BF5B1003C8FB8 /* MyGroceryDataModel.xcdatamodel */,
			);
			currentVersion = 271047AD207BF5B1003C8FB8 /* MyGroceryDataModel.xcdatamodel */;
			path = MyGroceryDataModel.xcdatamodeld;
			sourceTree = "<group>";
			versionGroupType = wrapper.xcdatamodel;
		};
/* End XCVersionGroup section */
	};
	rootObject = 2710478D207BEFDC003C8FB8 /* Project object */;
}
